// !$*UTF8*$!
{
	archiveVersion = 1;
	classes = {
	};
	objectVersion = 55;
	objects = {

/* Begin PBXBuildFile section */
		24889CB8281063AD00EA2BE4 /* main.cpp in Sources */ = {isa = PBXBuildFile; fileRef = 24889CB7281063AD00EA2BE4 /* main.cpp */; };
		24889CCA281063E800EA2BE4 /* libFindPathEngine_d.a in Frameworks */ = {isa = PBXBuildFile; fileRef = 24889CBE281063B700EA2BE4 /* libFindPathEngine_d.a */; };
		24889CCB281063EB00EA2BE4 /* libThreadPool_d.a in Frameworks */ = {isa = PBXBuildFile; fileRef = 24889CC4281063CA00EA2BE4 /* libThreadPool_d.a */; };
/* End PBXBuildFile section */

/* Begin PBXContainerItemProxy section */
		24889CBD281063B700EA2BE4 /* PBXContainerItemProxy */ = {
			isa = PBXContainerItemProxy;
			containerPortal = 24889CB9281063B700EA2BE4 /* FindPathEngine.xcodeproj */;
			proxyType = 2;
			remoteGlobalIDString = 906C880799A4FC31A042CE47;
			remoteInfo = FindPathEngine;
		};
		24889CC3281063CA00EA2BE4 /* PBXContainerItemProxy */ = {
			isa = PBXContainerItemProxy;
			containerPortal = 24889CBF281063CA00EA2BE4 /* ThreadPool.xcodeproj */;
			proxyType = 2;
			remoteGlobalIDString = A36ABF1514CBAE3F3097E555;
			remoteInfo = ThreadPool;
		};
		24889CC5281063D500EA2BE4 /* PBXContainerItemProxy */ = {
			isa = PBXContainerItemProxy;
			containerPortal = 24889CBF281063CA00EA2BE4 /* ThreadPool.xcodeproj */;
			proxyType = 1;
			remoteGlobalIDString = BC962B5B2CA0DD45A997899B;
			remoteInfo = ThreadPool;
		};
		24889CC7281063D800EA2BE4 /* PBXContainerItemProxy */ = {
			isa = PBXContainerItemProxy;
			containerPortal = 24889CB9281063B700EA2BE4 /* FindPathEngine.xcodeproj */;
			proxyType = 1;
			remoteGlobalIDString = 57299E0D4FAF34F786301C4D;
			remoteInfo = FindPathEngine;
		};
/* End PBXContainerItemProxy section */

/* Begin PBXCopyFilesBuildPhase section */
		24889CAB2810620C00EA2BE4 /* CopyFiles */ = {
			isa = PBXCopyFilesBuildPhase;
			buildActionMask = 2147483647;
			dstPath = /usr/share/man/man1/;
			dstSubfolderSpec = 0;
			files = (
			);
			runOnlyForDeploymentPostprocessing = 1;
		};
/* End PBXCopyFilesBuildPhase section */

/* Begin PBXFileReference section */
		24889CAD2810620C00EA2BE4 /* test */ = {isa = PBXFileReference; explicitFileType = "compiled.mach-o.executable"; includeInIndex = 0; path = test; sourceTree = BUILT_PRODUCTS_DIR; };
		24889CB7281063AD00EA2BE4 /* main.cpp */ = {isa = PBXFileReference; fileEncoding = 4; lastKnownFileType = sourcecode.cpp.cpp; name = main.cpp; path = ../../../test/main.cpp; sourceTree = "<group>"; };
		24889CB9281063B700EA2BE4 /* FindPathEngine.xcodeproj */ = {isa = PBXFileReference; lastKnownFileType = "wrapper.pb-project"; path = FindPathEngine.xcodeproj; sourceTree = "<group>"; };
		24889CBF281063CA00EA2BE4 /* ThreadPool.xcodeproj */ = {isa = PBXFileReference; lastKnownFileType = "wrapper.pb-project"; name = ThreadPool.xcodeproj; path = ../../../../ThreadPool/prj/xcode4/macos/ThreadPool.xcodeproj; sourceTree = "<group>"; };
/* End PBXFileReference section */

/* Begin PBXFrameworksBuildPhase section */
		24889CAA2810620C00EA2BE4 /* Frameworks */ = {
			isa = PBXFrameworksBuildPhase;
			buildActionMask = 2147483647;
			files = (
				24889CCB281063EB00EA2BE4 /* libThreadPool_d.a in Frameworks */,
				24889CCA281063E800EA2BE4 /* libFindPathEngine_d.a in Frameworks */,
			);
			runOnlyForDeploymentPostprocessing = 0;
		};
/* End PBXFrameworksBuildPhase section */

/* Begin PBXGroup section */
		24889CA42810620C00EA2BE4 = {
			isa = PBXGroup;
			children = (
				24889CBF281063CA00EA2BE4 /* ThreadPool.xcodeproj */,
				24889CB9281063B700EA2BE4 /* FindPathEngine.xcodeproj */,
				24889CB7281063AD00EA2BE4 /* main.cpp */,
				24889CAE2810620C00EA2BE4 /* Products */,
				24889CC9281063E800EA2BE4 /* Frameworks */,
			);
			sourceTree = "<group>";
			wrapsLines = 0;
		};
		24889CAE2810620C00EA2BE4 /* Products */ = {
			isa = PBXGroup;
			children = (
				24889CAD2810620C00EA2BE4 /* test */,
			);
			name = Products;
			sourceTree = "<group>";
		};
		24889CBA281063B700EA2BE4 /* Products */ = {
			isa = PBXGroup;
			children = (
				24889CBE281063B700EA2BE4 /* libFindPathEngine_d.a */,
			);
			name = Products;
			sourceTree = "<group>";
		};
		24889CC0281063CA00EA2BE4 /* Products */ = {
			isa = PBXGroup;
			children = (
				24889CC4281063CA00EA2BE4 /* libThreadPool_d.a */,
			);
			name = Products;
			sourceTree = "<group>";
		};
		24889CC9281063E800EA2BE4 /* Frameworks */ = {
			isa = PBXGroup;
			children = (
			);
			name = Frameworks;
			sourceTree = "<group>";
		};
/* End PBXGroup section */

/* Begin PBXNativeTarget section */
		24889CAC2810620C00EA2BE4 /* test */ = {
			isa = PBXNativeTarget;
			buildConfigurationList = 24889CB42810620C00EA2BE4 /* Build configuration list for PBXNativeTarget "test" */;
			buildPhases = (
				24889CA92810620C00EA2BE4 /* Sources */,
				24889CAA2810620C00EA2BE4 /* Frameworks */,
				24889CAB2810620C00EA2BE4 /* CopyFiles */,
			);
			buildRules = (
			);
			dependencies = (
				24889CC8281063D800EA2BE4 /* PBXTargetDependency */,
				24889CC6281063D500EA2BE4 /* PBXTargetDependency */,
			);
			name = test;
			productName = test;
			productReference = 24889CAD2810620C00EA2BE4 /* test */;
			productType = "com.apple.product-type.tool";
		};
/* End PBXNativeTarget section */

/* Begin PBXProject section */
		24889CA52810620C00EA2BE4 /* Project object */ = {
			isa = PBXProject;
			attributes = {
				BuildIndependentTargetsInParallel = 1;
				LastUpgradeCheck = 1330;
				TargetAttributes = {
					24889CAC2810620C00EA2BE4 = {
						CreatedOnToolsVersion = 13.3.1;
					};
				};
			};
			buildConfigurationList = 24889CA82810620C00EA2BE4 /* Build configuration list for PBXProject "test" */;
			compatibilityVersion = "Xcode 13.0";
			developmentRegion = en;
			hasScannedForEncodings = 0;
			knownRegions = (
				en,
				Base,
			);
			mainGroup = 24889CA42810620C00EA2BE4;
			productRefGroup = 24889CAE2810620C00EA2BE4 /* Products */;
			projectDirPath = "";
			projectReferences = (
				{
					ProductGroup = 24889CBA281063B700EA2BE4 /* Products */;
					ProjectRef = 24889CB9281063B700EA2BE4 /* FindPathEngine.xcodeproj */;
				},
				{
					ProductGroup = 24889CC0281063CA00EA2BE4 /* Products */;
					ProjectRef = 24889CBF281063CA00EA2BE4 /* ThreadPool.xcodeproj */;
				},
			);
			projectRoot = "";
			targets = (
				24889CAC2810620C00EA2BE4 /* test */,
			);
		};
/* End PBXProject section */

/* Begin PBXReferenceProxy section */
		24889CBE281063B700EA2BE4 /* libFindPathEngine_d.a */ = {
			isa = PBXReferenceProxy;
			fileType = archive.ar;
			path = libFindPathEngine_d.a;
			remoteRef = 24889CBD281063B700EA2BE4 /* PBXContainerItemProxy */;
			sourceTree = BUILT_PRODUCTS_DIR;
		};
		24889CC4281063CA00EA2BE4 /* libThreadPool_d.a */ = {
			isa = PBXReferenceProxy;
			fileType = archive.ar;
			path = libThreadPool_d.a;
			remoteRef = 24889CC3281063CA00EA2BE4 /* PBXContainerItemProxy */;
			sourceTree = BUILT_PRODUCTS_DIR;
		};
/* End PBXReferenceProxy section */

/* Begin PBXSourcesBuildPhase section */
		24889CA92810620C00EA2BE4 /* Sources */ = {
			isa = PBXSourcesBuildPhase;
			buildActionMask = 2147483647;
			files = (
				24889CB8281063AD00EA2BE4 /* main.cpp in Sources */,
			);
			runOnlyForDeploymentPostprocessing = 0;
		};
/* End PBXSourcesBuildPhase section */

/* Begin PBXTargetDependency section */
		24889CC6281063D500EA2BE4 /* PBXTargetDependency */ = {
			isa = PBXTargetDependency;
			name = ThreadPool;
			targetProxy = 24889CC5281063D500EA2BE4 /* PBXContainerItemProxy */;
		};
		24889CC8281063D800EA2BE4 /* PBXTargetDependency */ = {
			isa = PBXTargetDependency;
			name = FindPathEngine;
			targetProxy = 24889CC7281063D800EA2BE4 /* PBXContainerItemProxy */;
		};
/* End PBXTargetDependency section */

/* Begin XCBuildConfiguration section */
		24889CB22810620C00EA2BE4 /* Debug */ = {
			isa = XCBuildConfiguration;
			buildSettings = {
				ALWAYS_SEARCH_USER_PATHS = NO;
				CLANG_ANALYZER_NONNULL = YES;
				CLANG_ANALYZER_NUMBER_OBJECT_CONVERSION = YES_AGGRESSIVE;
				CLANG_CXX_LANGUAGE_STANDARD = "gnu++17";
				CLANG_ENABLE_MODULES = YES;
				CLANG_ENABLE_OBJC_ARC = YES;
				CLANG_ENABLE_OBJC_WEAK = YES;
				CLANG_WARN_BLOCK_CAPTURE_AUTORELEASING = YES;
				CLANG_WARN_BOOL_CONVERSION = YES;
				CLANG_WARN_COMMA = YES;
				CLANG_WARN_CONSTANT_CONVERSION = YES;
				CLANG_WARN_DEPRECATED_OBJC_IMPLEMENTATIONS = YES;
				CLANG_WARN_DIRECT_OBJC_ISA_USAGE = YES_ERROR;
				CLANG_WARN_DOCUMENTATION_COMMENTS = YES;
				CLANG_WARN_EMPTY_BODY = YES;
				CLANG_WARN_ENUM_CONVERSION = YES;
				CLANG_WARN_INFINITE_RECURSION = YES;
				CLANG_WARN_INT_CONVERSION = YES;
				CLANG_WARN_NON_LITERAL_NULL_CONVERSION = YES;
				CLANG_WARN_OBJC_IMPLICIT_RETAIN_SELF = YES;
				CLANG_WARN_OBJC_LITERAL_CONVERSION = YES;
				CLANG_WARN_OBJC_ROOT_CLASS = YES_ERROR;
				CLANG_WARN_QUOTED_INCLUDE_IN_FRAMEWORK_HEADER = YES;
				CLANG_WARN_RANGE_LOOP_ANALYSIS = YES;
				CLANG_WARN_STRICT_PROTOTYPES = YES;
				CLANG_WARN_SUSPICIOUS_MOVE = YES;
				CLANG_WARN_UNGUARDED_AVAILABILITY = YES_AGGRESSIVE;
				CLANG_WARN_UNREACHABLE_CODE = YES;
				CLANG_WARN__DUPLICATE_METHOD_MATCH = YES;
				COPY_PHASE_STRIP = NO;
				DEBUG_INFORMATION_FORMAT = dwarf;
				ENABLE_STRICT_OBJC_MSGSEND = YES;
				ENABLE_TESTABILITY = YES;
				GCC_C_LANGUAGE_STANDARD = gnu11;
				GCC_DYNAMIC_NO_PIC = NO;
				GCC_NO_COMMON_BLOCKS = YES;
				GCC_OPTIMIZATION_LEVEL = 0;
				GCC_PREPROCESSOR_DEFINITIONS = (
					"DEBUG=1",
					"$(inherited)",
				);
				GCC_WARN_64_TO_32_BIT_CONVERSION = YES;
				GCC_WARN_ABOUT_RETURN_TYPE = YES_ERROR;
				GCC_WARN_UNDECLARED_SELECTOR = YES;
				GCC_WARN_UNINITIALIZED_AUTOS = YES_AGGRESSIVE;
				GCC_WARN_UNUSED_FUNCTION = YES;
				GCC_WARN_UNUSED_VARIABLE = YES;
				HEADER_SEARCH_PATHS = "";
				MACOSX_DEPLOYMENT_TARGET = 12.2;
				MTL_ENABLE_DEBUG_INFO = INCLUDE_SOURCE;
				MTL_FAST_MATH = YES;
				ONLY_ACTIVE_ARCH = YES;
				SDKROOT = macosx;
			};
			name = Debug;
		};
		24889CB32810620C00EA2BE4 /* Release */ = {
			isa = XCBuildConfiguration;
			buildSettings = {
				ALWAYS_SEARCH_USER_PATHS = NO;
				CLANG_ANALYZER_NONNULL = YES;
				CLANG_ANALYZER_NUMBER_OBJECT_CONVERSION = YES_AGGRESSIVE;
				CLANG_CXX_LANGUAGE_STANDARD = "gnu++17";
				CLANG_ENABLE_MODULES = YES;
				CLANG_ENABLE_OBJC_ARC = YES;
				CLANG_ENABLE_OBJC_WEAK = YES;
				CLANG_WARN_BLOCK_CAPTURE_AUTORELEASING = YES;
				CLANG_WARN_BOOL_CONVERSION = YES;
				CLANG_WARN_COMMA = YES;
				CLANG_WARN_CONSTANT_CONVERSION = YES;
				CLANG_WARN_DEPRECATED_OBJC_IMPLEMENTATIONS = YES;
				CLANG_WARN_DIRECT_OBJC_ISA_USAGE = YES_ERROR;
				CLANG_WARN_DOCUMENTATION_COMMENTS = YES;
				CLANG_WARN_EMPTY_BODY = YES;
				CLANG_WARN_ENUM_CONVERSION = YES;
				CLANG_WARN_INFINITE_RECURSION = YES;
				CLANG_WARN_INT_CONVERSION = YES;
				CLANG_WARN_NON_LITERAL_NULL_CONVERSION = YES;
				CLANG_WARN_OBJC_IMPLICIT_RETAIN_SELF = YES;
				CLANG_WARN_OBJC_LITERAL_CONVERSION = YES;
				CLANG_WARN_OBJC_ROOT_CLASS = YES_ERROR;
				CLANG_WARN_QUOTED_INCLUDE_IN_FRAMEWORK_HEADER = YES;
				CLANG_WARN_RANGE_LOOP_ANALYSIS = YES;
				CLANG_WARN_STRICT_PROTOTYPES = YES;
				CLANG_WARN_SUSPICIOUS_MOVE = YES;
				CLANG_WARN_UNGUARDED_AVAILABILITY = YES_AGGRESSIVE;
				CLANG_WARN_UNREACHABLE_CODE = YES;
				CLANG_WARN__DUPLICATE_METHOD_MATCH = YES;
				COPY_PHASE_STRIP = NO;
				DEBUG_INFORMATION_FORMAT = "dwarf-with-dsym";
				ENABLE_NS_ASSERTIONS = NO;
				ENABLE_STRICT_OBJC_MSGSEND = YES;
				GCC_C_LANGUAGE_STANDARD = gnu11;
				GCC_NO_COMMON_BLOCKS = YES;
				GCC_WARN_64_TO_32_BIT_CONVERSION = YES;
				GCC_WARN_ABOUT_RETURN_TYPE = YES_ERROR;
				GCC_WARN_UNDECLARED_SELECTOR = YES;
				GCC_WARN_UNINITIALIZED_AUTOS = YES_AGGRESSIVE;
				GCC_WARN_UNUSED_FUNCTION = YES;
				GCC_WARN_UNUSED_VARIABLE = YES;
				HEADER_SEARCH_PATHS = "";
				MACOSX_DEPLOYMENT_TARGET = 12.2;
				MTL_ENABLE_DEBUG_INFO = NO;
				MTL_FAST_MATH = YES;
				SDKROOT = macosx;
			};
			name = Release;
		};
		24889CB52810620C00EA2BE4 /* Debug */ = {
			isa = XCBuildConfiguration;
			buildSettings = {
				CODE_SIGN_STYLE = Automatic;
				DEVELOPMENT_TEAM = BR67ND9EV8;
				ENABLE_HARDENED_RUNTIME = YES;
				HEADER_SEARCH_PATHS = ../../../include;
				PRODUCT_NAME = "$(TARGET_NAME)";
			};
			name = Debug;
		};
		24889CB62810620C00EA2BE4 /* Release */ = {
			isa = XCBuildConfiguration;
			buildSettings = {
				CODE_SIGN_STYLE = Automatic;
				DEVELOPMENT_TEAM = BR67ND9EV8;
				ENABLE_HARDENED_RUNTIME = YES;
				HEADER_SEARCH_PATHS = ../../../include;
				PRODUCT_NAME = "$(TARGET_NAME)";
			};
			name = Release;
		};
/* End XCBuildConfiguration section */

/* Begin XCConfigurationList section */
		24889CA82810620C00EA2BE4 /* Build configuration list for PBXProject "test" */ = {
			isa = XCConfigurationList;
			buildConfigurations = (
				24889CB22810620C00EA2BE4 /* Debug */,
				24889CB32810620C00EA2BE4 /* Release */,
			);
			defaultConfigurationIsVisible = 0;
			defaultConfigurationName = Release;
		};
		24889CB42810620C00EA2BE4 /* Build configuration list for PBXNativeTarget "test" */ = {
			isa = XCConfigurationList;
			buildConfigurations = (
				24889CB52810620C00EA2BE4 /* Debug */,
				24889CB62810620C00EA2BE4 /* Release */,
			);
			defaultConfigurationIsVisible = 0;
			defaultConfigurationName = Release;
		};
/* End XCConfigurationList section */
	};
	rootObject = 24889CA52810620C00EA2BE4 /* Project object */;
}
